// !$*UTF8*$!
{
	archiveVersion = 1;
	classes = {
	};
	objectVersion = 46;
	objects = {

/* Begin PBXBuildFile section */
		2903554A52DFE405FA2109C2 /* Pods_ChauffeurPriveTests.framework in Frameworks */ = {isa = PBXBuildFile; fileRef = 37906A6E5C58BEE5355DEA76 /* Pods_ChauffeurPriveTests.framework */; };
		4763FB8DAC74E43C9D6D1C92 /* Pods_ChauffeurPrive.framework in Frameworks */ = {isa = PBXBuildFile; fileRef = 591BA151D38F81ABC179A6ED /* Pods_ChauffeurPrive.framework */; };
		52D0D96E93C7EB228FCD513B /* Pods_ChauffeurPriveUITests.framework in Frameworks */ = {isa = PBXBuildFile; fileRef = F521CA56C5F16B3074C314FD /* Pods_ChauffeurPriveUITests.framework */; };
		BF0114E11E4B41D800DCE094 /* PostalAddressTests.swift in Sources */ = {isa = PBXBuildFile; fileRef = BF0114E01E4B41D800DCE094 /* PostalAddressTests.swift */; };
		BF0114E41E4B4C7F00DCE094 /* MockPlacemark.swift in Sources */ = {isa = PBXBuildFile; fileRef = BF0114E31E4B4C7F00DCE094 /* MockPlacemark.swift */; };
		BF0114E71E4B4D6B00DCE094 /* MGLMapView+ExtensionsTests.swift in Sources */ = {isa = PBXBuildFile; fileRef = BF0114E61E4B4D6B00DCE094 /* MGLMapView+ExtensionsTests.swift */; };
		BF427C821E4B1B5A00091E2F /* AddressAutocompleteTableViewCell.swift in Sources */ = {isa = PBXBuildFile; fileRef = BF427C811E4B1B5A00091E2F /* AddressAutocompleteTableViewCell.swift */; };
		BF427C841E4B1CB200091E2F /* AddressAutoCompleteCellViewModel.swift in Sources */ = {isa = PBXBuildFile; fileRef = BF427C831E4B1CB200091E2F /* AddressAutoCompleteCellViewModel.swift */; };
		BF427C8A1E4B345000091E2F /* PostalAddress.swift in Sources */ = {isa = PBXBuildFile; fileRef = BF427C891E4B345000091E2F /* PostalAddress.swift */; };
		BF427C8C1E4B3D6800091E2F /* CLLocationCoordinate2D+Extensions.swift in Sources */ = {isa = PBXBuildFile; fileRef = BF427C8B1E4B3D6800091E2F /* CLLocationCoordinate2D+Extensions.swift */; };
		BF427C8E1E4B3D8700091E2F /* MGLMapView+Extensions.swift in Sources */ = {isa = PBXBuildFile; fileRef = BF427C8D1E4B3D8700091E2F /* MGLMapView+Extensions.swift */; };
		BF7695931E493303001E5A4E /* AddressAutocompleteViewController.swift in Sources */ = {isa = PBXBuildFile; fileRef = BF7695921E493303001E5A4E /* AddressAutocompleteViewController.swift */; };
		BF7695951E493323001E5A4E /* AddressAutoCompleteViewModel.swift in Sources */ = {isa = PBXBuildFile; fileRef = BF7695941E493323001E5A4E /* AddressAutoCompleteViewModel.swift */; };
		BF7695971E49BEFE001E5A4E /* AddressAutocompleteService.swift in Sources */ = {isa = PBXBuildFile; fileRef = BF7695961E49BEFE001E5A4E /* AddressAutocompleteService.swift */; };
		BF76959A1E49FAB7001E5A4E /* CLGeocoder+Rx.swift in Sources */ = {isa = PBXBuildFile; fileRef = BF7695991E49FAB7001E5A4E /* CLGeocoder+Rx.swift */; };
		BF76959C1E4B1742001E5A4E /* AddressAutoCompleteView.swift in Sources */ = {isa = PBXBuildFile; fileRef = BF76959B1E4B1742001E5A4E /* AddressAutoCompleteView.swift */; };
		BFE70CC41E45DF4A00D5096E /* AppDelegate.swift in Sources */ = {isa = PBXBuildFile; fileRef = BFE70CC31E45DF4A00D5096E /* AppDelegate.swift */; };
		BFE70CE41E45DF4A00D5096E /* ChauffeurPriveUITests.swift in Sources */ = {isa = PBXBuildFile; fileRef = BFE70CE31E45DF4A00D5096E /* ChauffeurPriveUITests.swift */; };
		BFE70CF91E45EC2600D5096E /* Assets.xcassets in Resources */ = {isa = PBXBuildFile; fileRef = BFE70CF51E45EC2600D5096E /* Assets.xcassets */; };
		BFE70CFA1E45EC2600D5096E /* LaunchScreen.storyboard in Resources */ = {isa = PBXBuildFile; fileRef = BFE70CF61E45EC2600D5096E /* LaunchScreen.storyboard */; };
		BFE70D001E45F59F00D5096E /* CLLocationManager+Rx.swift in Sources */ = {isa = PBXBuildFile; fileRef = BFE70CFF1E45F59F00D5096E /* CLLocationManager+Rx.swift */; };
		BFE70D071E48CE0200D5096E /* Font.swift in Sources */ = {isa = PBXBuildFile; fileRef = BFE70D061E48CE0200D5096E /* Font.swift */; };
		BFE70D091E48CE0F00D5096E /* Color.swift in Sources */ = {isa = PBXBuildFile; fileRef = BFE70D081E48CE0F00D5096E /* Color.swift */; };
		BFE70D0F1E48E17B00D5096E /* RxCLLocationManagerDelegateProxy.swift in Sources */ = {isa = PBXBuildFile; fileRef = BFE70D0E1E48E17B00D5096E /* RxCLLocationManagerDelegateProxy.swift */; };
		BFE70D231E491AD800D5096E /* LocationService.swift in Sources */ = {isa = PBXBuildFile; fileRef = BFE70D221E491AD800D5096E /* LocationService.swift */; };
		BFE70D2B1E491AE300D5096E /* MapViewController.swift in Sources */ = {isa = PBXBuildFile; fileRef = BFE70D261E491AE300D5096E /* MapViewController.swift */; };
		BFE70D2C1E491AE300D5096E /* MapViewModel.swift in Sources */ = {isa = PBXBuildFile; fileRef = BFE70D271E491AE300D5096E /* MapViewModel.swift */; };
		BFE70D2D1E491AE300D5096E /* MissingPermissionView.swift in Sources */ = {isa = PBXBuildFile; fileRef = BFE70D281E491AE300D5096E /* MissingPermissionView.swift */; };
		BFE70D2E1E491AE300D5096E /* MissingPermissionViewController.swift in Sources */ = {isa = PBXBuildFile; fileRef = BFE70D291E491AE300D5096E /* MissingPermissionViewController.swift */; };
		BFE70D2F1E491AE300D5096E /* MissingPermissionViewModel.swift in Sources */ = {isa = PBXBuildFile; fileRef = BFE70D2A1E491AE300D5096E /* MissingPermissionViewModel.swift */; };
/* End PBXBuildFile section */

/* Begin PBXContainerItemProxy section */
		BFE70CD51E45DF4A00D5096E /* PBXContainerItemProxy */ = {
			isa = PBXContainerItemProxy;
			containerPortal = BFE70CB81E45DF4A00D5096E /* Project object */;
			proxyType = 1;
			remoteGlobalIDString = BFE70CBF1E45DF4A00D5096E;
			remoteInfo = ChauffeurPrive;
		};
		BFE70CE01E45DF4A00D5096E /* PBXContainerItemProxy */ = {
			isa = PBXContainerItemProxy;
			containerPortal = BFE70CB81E45DF4A00D5096E /* Project object */;
			proxyType = 1;
			remoteGlobalIDString = BFE70CBF1E45DF4A00D5096E;
			remoteInfo = ChauffeurPrive;
		};
/* End PBXContainerItemProxy section */

/* Begin PBXFileReference section */
		27CF434DB6503BAE06FB605B /* Pods-ChauffeurPriveTests.release.xcconfig */ = {isa = PBXFileReference; includeInIndex = 1; lastKnownFileType = text.xcconfig; name = "Pods-ChauffeurPriveTests.release.xcconfig"; path = "Pods/Target Support Files/Pods-ChauffeurPriveTests/Pods-ChauffeurPriveTests.release.xcconfig"; sourceTree = "<group>"; };
		37906A6E5C58BEE5355DEA76 /* Pods_ChauffeurPriveTests.framework */ = {isa = PBXFileReference; explicitFileType = wrapper.framework; includeInIndex = 0; path = Pods_ChauffeurPriveTests.framework; sourceTree = BUILT_PRODUCTS_DIR; };
		3BDD2095D001D01C14C81674 /* Pods-ChauffeurPrive.release.xcconfig */ = {isa = PBXFileReference; includeInIndex = 1; lastKnownFileType = text.xcconfig; name = "Pods-ChauffeurPrive.release.xcconfig"; path = "Pods/Target Support Files/Pods-ChauffeurPrive/Pods-ChauffeurPrive.release.xcconfig"; sourceTree = "<group>"; };
		45244B8799F3EF9A6EDD9F5D /* Pods-ChauffeurPriveUITests.debug.xcconfig */ = {isa = PBXFileReference; includeInIndex = 1; lastKnownFileType = text.xcconfig; name = "Pods-ChauffeurPriveUITests.debug.xcconfig"; path = "Pods/Target Support Files/Pods-ChauffeurPriveUITests/Pods-ChauffeurPriveUITests.debug.xcconfig"; sourceTree = "<group>"; };
		591BA151D38F81ABC179A6ED /* Pods_ChauffeurPrive.framework */ = {isa = PBXFileReference; explicitFileType = wrapper.framework; includeInIndex = 0; path = Pods_ChauffeurPrive.framework; sourceTree = BUILT_PRODUCTS_DIR; };
		9ACBDE9DA7CBB13E23B22F42 /* Pods-ChauffeurPrive.debug.xcconfig */ = {isa = PBXFileReference; includeInIndex = 1; lastKnownFileType = text.xcconfig; name = "Pods-ChauffeurPrive.debug.xcconfig"; path = "Pods/Target Support Files/Pods-ChauffeurPrive/Pods-ChauffeurPrive.debug.xcconfig"; sourceTree = "<group>"; };
		BF0114E01E4B41D800DCE094 /* PostalAddressTests.swift */ = {isa = PBXFileReference; fileEncoding = 4; lastKnownFileType = sourcecode.swift; path = PostalAddressTests.swift; sourceTree = "<group>"; };
		BF0114E31E4B4C7F00DCE094 /* MockPlacemark.swift */ = {isa = PBXFileReference; fileEncoding = 4; lastKnownFileType = sourcecode.swift; path = MockPlacemark.swift; sourceTree = "<group>"; };
		BF0114E61E4B4D6B00DCE094 /* MGLMapView+ExtensionsTests.swift */ = {isa = PBXFileReference; fileEncoding = 4; lastKnownFileType = sourcecode.swift; path = "MGLMapView+ExtensionsTests.swift"; sourceTree = "<group>"; };
		BF427C811E4B1B5A00091E2F /* AddressAutocompleteTableViewCell.swift */ = {isa = PBXFileReference; fileEncoding = 4; lastKnownFileType = sourcecode.swift; path = AddressAutocompleteTableViewCell.swift; sourceTree = "<group>"; };
		BF427C831E4B1CB200091E2F /* AddressAutoCompleteCellViewModel.swift */ = {isa = PBXFileReference; fileEncoding = 4; lastKnownFileType = sourcecode.swift; path = AddressAutoCompleteCellViewModel.swift; sourceTree = "<group>"; };
		BF427C891E4B345000091E2F /* PostalAddress.swift */ = {isa = PBXFileReference; fileEncoding = 4; lastKnownFileType = sourcecode.swift; path = PostalAddress.swift; sourceTree = "<group>"; };
		BF427C8B1E4B3D6800091E2F /* CLLocationCoordinate2D+Extensions.swift */ = {isa = PBXFileReference; fileEncoding = 4; lastKnownFileType = sourcecode.swift; path = "CLLocationCoordinate2D+Extensions.swift"; sourceTree = "<group>"; };
		BF427C8D1E4B3D8700091E2F /* MGLMapView+Extensions.swift */ = {isa = PBXFileReference; fileEncoding = 4; lastKnownFileType = sourcecode.swift; path = "MGLMapView+Extensions.swift"; sourceTree = "<group>"; };
		BF7695921E493303001E5A4E /* AddressAutocompleteViewController.swift */ = {isa = PBXFileReference; fileEncoding = 4; lastKnownFileType = sourcecode.swift; path = AddressAutocompleteViewController.swift; sourceTree = "<group>"; };
		BF7695941E493323001E5A4E /* AddressAutoCompleteViewModel.swift */ = {isa = PBXFileReference; fileEncoding = 4; lastKnownFileType = sourcecode.swift; path = AddressAutoCompleteViewModel.swift; sourceTree = "<group>"; };
		BF7695961E49BEFE001E5A4E /* AddressAutocompleteService.swift */ = {isa = PBXFileReference; fileEncoding = 4; lastKnownFileType = sourcecode.swift; path = AddressAutocompleteService.swift; sourceTree = "<group>"; };
		BF7695991E49FAB7001E5A4E /* CLGeocoder+Rx.swift */ = {isa = PBXFileReference; fileEncoding = 4; lastKnownFileType = sourcecode.swift; path = "CLGeocoder+Rx.swift"; sourceTree = "<group>"; };
		BF76959B1E4B1742001E5A4E /* AddressAutoCompleteView.swift */ = {isa = PBXFileReference; fileEncoding = 4; lastKnownFileType = sourcecode.swift; path = AddressAutoCompleteView.swift; sourceTree = "<group>"; };
		BFE70CC01E45DF4A00D5096E /* ChauffeurPrive.app */ = {isa = PBXFileReference; explicitFileType = wrapper.application; includeInIndex = 0; path = ChauffeurPrive.app; sourceTree = BUILT_PRODUCTS_DIR; };
		BFE70CC31E45DF4A00D5096E /* AppDelegate.swift */ = {isa = PBXFileReference; lastKnownFileType = sourcecode.swift; path = AppDelegate.swift; sourceTree = "<group>"; };
		BFE70CD41E45DF4A00D5096E /* ChauffeurPriveTests.xctest */ = {isa = PBXFileReference; explicitFileType = wrapper.cfbundle; includeInIndex = 0; path = ChauffeurPriveTests.xctest; sourceTree = BUILT_PRODUCTS_DIR; };
		BFE70CDA1E45DF4A00D5096E /* Info.plist */ = {isa = PBXFileReference; lastKnownFileType = text.plist.xml; path = Info.plist; sourceTree = "<group>"; };
		BFE70CDF1E45DF4A00D5096E /* ChauffeurPriveUITests.xctest */ = {isa = PBXFileReference; explicitFileType = wrapper.cfbundle; includeInIndex = 0; path = ChauffeurPriveUITests.xctest; sourceTree = BUILT_PRODUCTS_DIR; };
		BFE70CE31E45DF4A00D5096E /* ChauffeurPriveUITests.swift */ = {isa = PBXFileReference; lastKnownFileType = sourcecode.swift; path = ChauffeurPriveUITests.swift; sourceTree = "<group>"; };
		BFE70CE51E45DF4A00D5096E /* Info.plist */ = {isa = PBXFileReference; lastKnownFileType = text.plist.xml; path = Info.plist; sourceTree = "<group>"; };
		BFE70CF51E45EC2600D5096E /* Assets.xcassets */ = {isa = PBXFileReference; lastKnownFileType = folder.assetcatalog; path = Assets.xcassets; sourceTree = "<group>"; };
		BFE70CF71E45EC2600D5096E /* Base */ = {isa = PBXFileReference; lastKnownFileType = file.storyboard; name = Base; path = Base.lproj/LaunchScreen.storyboard; sourceTree = "<group>"; };
		BFE70CF81E45EC2600D5096E /* Info.plist */ = {isa = PBXFileReference; fileEncoding = 4; lastKnownFileType = text.plist.xml; path = Info.plist; sourceTree = "<group>"; };
		BFE70CFF1E45F59F00D5096E /* CLLocationManager+Rx.swift */ = {isa = PBXFileReference; fileEncoding = 4; lastKnownFileType = sourcecode.swift; path = "CLLocationManager+Rx.swift"; sourceTree = "<group>"; };
		BFE70D061E48CE0200D5096E /* Font.swift */ = {isa = PBXFileReference; fileEncoding = 4; lastKnownFileType = sourcecode.swift; path = Font.swift; sourceTree = "<group>"; };
		BFE70D081E48CE0F00D5096E /* Color.swift */ = {isa = PBXFileReference; fileEncoding = 4; lastKnownFileType = sourcecode.swift; path = Color.swift; sourceTree = "<group>"; };
		BFE70D0E1E48E17B00D5096E /* RxCLLocationManagerDelegateProxy.swift */ = {isa = PBXFileReference; fileEncoding = 4; lastKnownFileType = sourcecode.swift; path = RxCLLocationManagerDelegateProxy.swift; sourceTree = "<group>"; };
		BFE70D221E491AD800D5096E /* LocationService.swift */ = {isa = PBXFileReference; fileEncoding = 4; lastKnownFileType = sourcecode.swift; path = LocationService.swift; sourceTree = "<group>"; };
		BFE70D261E491AE300D5096E /* MapViewController.swift */ = {isa = PBXFileReference; fileEncoding = 4; lastKnownFileType = sourcecode.swift; path = MapViewController.swift; sourceTree = "<group>"; };
		BFE70D271E491AE300D5096E /* MapViewModel.swift */ = {isa = PBXFileReference; fileEncoding = 4; lastKnownFileType = sourcecode.swift; path = MapViewModel.swift; sourceTree = "<group>"; };
		BFE70D281E491AE300D5096E /* MissingPermissionView.swift */ = {isa = PBXFileReference; fileEncoding = 4; lastKnownFileType = sourcecode.swift; path = MissingPermissionView.swift; sourceTree = "<group>"; };
		BFE70D291E491AE300D5096E /* MissingPermissionViewController.swift */ = {isa = PBXFileReference; fileEncoding = 4; lastKnownFileType = sourcecode.swift; path = MissingPermissionViewController.swift; sourceTree = "<group>"; };
		BFE70D2A1E491AE300D5096E /* MissingPermissionViewModel.swift */ = {isa = PBXFileReference; fileEncoding = 4; lastKnownFileType = sourcecode.swift; path = MissingPermissionViewModel.swift; sourceTree = "<group>"; };
		C826214BE62379040A7307B9 /* Pods-ChauffeurPriveUITests.release.xcconfig */ = {isa = PBXFileReference; includeInIndex = 1; lastKnownFileType = text.xcconfig; name = "Pods-ChauffeurPriveUITests.release.xcconfig"; path = "Pods/Target Support Files/Pods-ChauffeurPriveUITests/Pods-ChauffeurPriveUITests.release.xcconfig"; sourceTree = "<group>"; };
		CCE2156B52B37D02AF7B6BDE /* Pods-ChauffeurPriveTests.debug.xcconfig */ = {isa = PBXFileReference; includeInIndex = 1; lastKnownFileType = text.xcconfig; name = "Pods-ChauffeurPriveTests.debug.xcconfig"; path = "Pods/Target Support Files/Pods-ChauffeurPriveTests/Pods-ChauffeurPriveTests.debug.xcconfig"; sourceTree = "<group>"; };
		F521CA56C5F16B3074C314FD /* Pods_ChauffeurPriveUITests.framework */ = {isa = PBXFileReference; explicitFileType = wrapper.framework; includeInIndex = 0; path = Pods_ChauffeurPriveUITests.framework; sourceTree = BUILT_PRODUCTS_DIR; };
/* End PBXFileReference section */

/* Begin PBXFrameworksBuildPhase section */
		BFE70CBD1E45DF4A00D5096E /* Frameworks */ = {
			isa = PBXFrameworksBuildPhase;
			buildActionMask = 2147483647;
			files = (
				4763FB8DAC74E43C9D6D1C92 /* Pods_ChauffeurPrive.framework in Frameworks */,
			);
			runOnlyForDeploymentPostprocessing = 0;
		};
		BFE70CD11E45DF4A00D5096E /* Frameworks */ = {
			isa = PBXFrameworksBuildPhase;
			buildActionMask = 2147483647;
			files = (
				2903554A52DFE405FA2109C2 /* Pods_ChauffeurPriveTests.framework in Frameworks */,
			);
			runOnlyForDeploymentPostprocessing = 0;
		};
		BFE70CDC1E45DF4A00D5096E /* Frameworks */ = {
			isa = PBXFrameworksBuildPhase;
			buildActionMask = 2147483647;
			files = (
				52D0D96E93C7EB228FCD513B /* Pods_ChauffeurPriveUITests.framework in Frameworks */,
			);
			runOnlyForDeploymentPostprocessing = 0;
		};
/* End PBXFrameworksBuildPhase section */

/* Begin PBXGroup section */
		16AEC56A6CA23A219C4A5BAE /* Pods */ = {
			isa = PBXGroup;
			children = (
				9ACBDE9DA7CBB13E23B22F42 /* Pods-ChauffeurPrive.debug.xcconfig */,
				3BDD2095D001D01C14C81674 /* Pods-ChauffeurPrive.release.xcconfig */,
				CCE2156B52B37D02AF7B6BDE /* Pods-ChauffeurPriveTests.debug.xcconfig */,
				27CF434DB6503BAE06FB605B /* Pods-ChauffeurPriveTests.release.xcconfig */,
				45244B8799F3EF9A6EDD9F5D /* Pods-ChauffeurPriveUITests.debug.xcconfig */,
				C826214BE62379040A7307B9 /* Pods-ChauffeurPriveUITests.release.xcconfig */,
			);
			name = Pods;
			sourceTree = "<group>";
		};
		BF0114DF1E4B41C600DCE094 /* Models */ = {
			isa = PBXGroup;
			children = (
				BF0114E01E4B41D800DCE094 /* PostalAddressTests.swift */,
			);
			path = Models;
			sourceTree = "<group>";
		};
		BF0114E21E4B4C7000DCE094 /* Mocks */ = {
			isa = PBXGroup;
			children = (
				BF0114E31E4B4C7F00DCE094 /* MockPlacemark.swift */,
			);
			path = Mocks;
			sourceTree = "<group>";
		};
		BF0114E51E4B4D5300DCE094 /* Extensions */ = {
			isa = PBXGroup;
			children = (
				BF0114E61E4B4D6B00DCE094 /* MGLMapView+ExtensionsTests.swift */,
			);
			path = Extensions;
			sourceTree = "<group>";
		};
		BF427C881E4B344200091E2F /* Models */ = {
			isa = PBXGroup;
			children = (
				BF427C891E4B345000091E2F /* PostalAddress.swift */,
			);
			path = Models;
			sourceTree = "<group>";
		};
		BF7695911E4932F3001E5A4E /* AddressAutoComplete */ = {
			isa = PBXGroup;
			children = (
				BF7695921E493303001E5A4E /* AddressAutocompleteViewController.swift */,
				BF76959B1E4B1742001E5A4E /* AddressAutoCompleteView.swift */,
				BF7695941E493323001E5A4E /* AddressAutoCompleteViewModel.swift */,
				BF427C811E4B1B5A00091E2F /* AddressAutocompleteTableViewCell.swift */,
				BF427C831E4B1CB200091E2F /* AddressAutoCompleteCellViewModel.swift */,
			);
			path = AddressAutoComplete;
			sourceTree = "<group>";
		};
		BFE70CB71E45DF4A00D5096E = {
			isa = PBXGroup;
			children = (
				BFE70CC21E45DF4A00D5096E /* ChauffeurPrive */,
				BFE70CD71E45DF4A00D5096E /* ChauffeurPriveTests */,
				BFE70CE21E45DF4A00D5096E /* ChauffeurPriveUITests */,
				BFE70CC11E45DF4A00D5096E /* Products */,
				16AEC56A6CA23A219C4A5BAE /* Pods */,
				E41CD71865BC785CE9FEF155 /* Frameworks */,
			);
			sourceTree = "<group>";
		};
		BFE70CC11E45DF4A00D5096E /* Products */ = {
			isa = PBXGroup;
			children = (
				BFE70CC01E45DF4A00D5096E /* ChauffeurPrive.app */,
				BFE70CD41E45DF4A00D5096E /* ChauffeurPriveTests.xctest */,
				BFE70CDF1E45DF4A00D5096E /* ChauffeurPriveUITests.xctest */,
			);
			name = Products;
			sourceTree = "<group>";
		};
		BFE70CC21E45DF4A00D5096E /* ChauffeurPrive */ = {
			isa = PBXGroup;
			children = (
				BFE70CC31E45DF4A00D5096E /* AppDelegate.swift */,
				BFE70CFE1E45F58D00D5096E /* Extensions */,
				BF427C881E4B344200091E2F /* Models */,
				BFE70CF41E45EC2600D5096E /* Resources */,
				BFE70D241E491AE300D5096E /* Screens */,
				BFE70D211E491AD800D5096E /* Service */,
				BFE70D051E48CDE700D5096E /* Style */,
			);
			path = ChauffeurPrive;
			sourceTree = "<group>";
		};
		BFE70CD71E45DF4A00D5096E /* ChauffeurPriveTests */ = {
			isa = PBXGroup;
			children = (
				BF0114E51E4B4D5300DCE094 /* Extensions */,
				BF0114E21E4B4C7000DCE094 /* Mocks */,
				BF0114DF1E4B41C600DCE094 /* Models */,
				BFE70CDA1E45DF4A00D5096E /* Info.plist */,
			);
			path = ChauffeurPriveTests;
			sourceTree = "<group>";
		};
		BFE70CE21E45DF4A00D5096E /* ChauffeurPriveUITests */ = {
			isa = PBXGroup;
			children = (
				BFE70CE31E45DF4A00D5096E /* ChauffeurPriveUITests.swift */,
				BFE70CE51E45DF4A00D5096E /* Info.plist */,
			);
			path = ChauffeurPriveUITests;
			sourceTree = "<group>";
		};
		BFE70CF41E45EC2600D5096E /* Resources */ = {
			isa = PBXGroup;
			children = (
				BFE70CF51E45EC2600D5096E /* Assets.xcassets */,
				BFE70CF61E45EC2600D5096E /* LaunchScreen.storyboard */,
				BFE70CF81E45EC2600D5096E /* Info.plist */,
			);
			path = Resources;
			sourceTree = "<group>";
		};
		BFE70CFE1E45F58D00D5096E /* Extensions */ = {
			isa = PBXGroup;
			children = (
				BFE70CFF1E45F59F00D5096E /* CLLocationManager+Rx.swift */,
				BFE70D0E1E48E17B00D5096E /* RxCLLocationManagerDelegateProxy.swift */,
				BF7695991E49FAB7001E5A4E /* CLGeocoder+Rx.swift */,
				BF427C8B1E4B3D6800091E2F /* CLLocationCoordinate2D+Extensions.swift */,
				BF427C8D1E4B3D8700091E2F /* MGLMapView+Extensions.swift */,
			);
			path = Extensions;
			sourceTree = "<group>";
		};
		BFE70D051E48CDE700D5096E /* Style */ = {
			isa = PBXGroup;
			children = (
				BFE70D061E48CE0200D5096E /* Font.swift */,
				BFE70D081E48CE0F00D5096E /* Color.swift */,
			);
			path = Style;
			sourceTree = "<group>";
		};
		BFE70D211E491AD800D5096E /* Service */ = {
			isa = PBXGroup;
			children = (
				BFE70D221E491AD800D5096E /* LocationService.swift */,
				BF7695961E49BEFE001E5A4E /* AddressAutocompleteService.swift */,
			);
			path = Service;
			sourceTree = "<group>";
		};
		BFE70D241E491AE300D5096E /* Screens */ = {
			isa = PBXGroup;
			children = (
				BF7695911E4932F3001E5A4E /* AddressAutoComplete */,
				BFE70D251E491AE300D5096E /* Map */,
			);
			path = Screens;
			sourceTree = "<group>";
		};
		BFE70D251E491AE300D5096E /* Map */ = {
			isa = PBXGroup;
			children = (
				BFE70D261E491AE300D5096E /* MapViewController.swift */,
				BFE70D271E491AE300D5096E /* MapViewModel.swift */,
				BFE70D281E491AE300D5096E /* MissingPermissionView.swift */,
				BFE70D291E491AE300D5096E /* MissingPermissionViewController.swift */,
				BFE70D2A1E491AE300D5096E /* MissingPermissionViewModel.swift */,
			);
			path = Map;
			sourceTree = "<group>";
		};
		E41CD71865BC785CE9FEF155 /* Frameworks */ = {
			isa = PBXGroup;
			children = (
				591BA151D38F81ABC179A6ED /* Pods_ChauffeurPrive.framework */,
				37906A6E5C58BEE5355DEA76 /* Pods_ChauffeurPriveTests.framework */,
				F521CA56C5F16B3074C314FD /* Pods_ChauffeurPriveUITests.framework */,
			);
			name = Frameworks;
			sourceTree = "<group>";
		};
/* End PBXGroup section */

/* Begin PBXNativeTarget section */
		BFE70CBF1E45DF4A00D5096E /* ChauffeurPrive */ = {
			isa = PBXNativeTarget;
			buildConfigurationList = BFE70CE81E45DF4A00D5096E /* Build configuration list for PBXNativeTarget "ChauffeurPrive" */;
			buildPhases = (
				27F81DDA1F9DABBCB175D826 /* [CP] Check Pods Manifest.lock */,
				BFE70CBC1E45DF4A00D5096E /* Sources */,
				BFE70CBD1E45DF4A00D5096E /* Frameworks */,
				BFE70CBE1E45DF4A00D5096E /* Resources */,
				D70CCE97669135258174D0D5 /* [CP] Embed Pods Frameworks */,
				650A49665B6124BD5661A0F1 /* [CP] Copy Pods Resources */,
			);
			buildRules = (
			);
			dependencies = (
			);
			name = ChauffeurPrive;
			productName = ChauffeurPrive;
			productReference = BFE70CC01E45DF4A00D5096E /* ChauffeurPrive.app */;
			productType = "com.apple.product-type.application";
		};
		BFE70CD31E45DF4A00D5096E /* ChauffeurPriveTests */ = {
			isa = PBXNativeTarget;
			buildConfigurationList = BFE70CEB1E45DF4A00D5096E /* Build configuration list for PBXNativeTarget "ChauffeurPriveTests" */;
			buildPhases = (
				108340923C2A55EBCF87DB2F /* [CP] Check Pods Manifest.lock */,
				BFE70CD01E45DF4A00D5096E /* Sources */,
				BFE70CD11E45DF4A00D5096E /* Frameworks */,
				BFE70CD21E45DF4A00D5096E /* Resources */,
				65B3B9EA5E3A652A77083C50 /* [CP] Embed Pods Frameworks */,
				8555F7C517D962CAE997C33D /* [CP] Copy Pods Resources */,
			);
			buildRules = (
			);
			dependencies = (
				BFE70CD61E45DF4A00D5096E /* PBXTargetDependency */,
			);
			name = ChauffeurPriveTests;
			productName = ChauffeurPriveTests;
			productReference = BFE70CD41E45DF4A00D5096E /* ChauffeurPriveTests.xctest */;
			productType = "com.apple.product-type.bundle.unit-test";
		};
		BFE70CDE1E45DF4A00D5096E /* ChauffeurPriveUITests */ = {
			isa = PBXNativeTarget;
			buildConfigurationList = BFE70CEE1E45DF4A00D5096E /* Build configuration list for PBXNativeTarget "ChauffeurPriveUITests" */;
			buildPhases = (
				E013BB84A4E2289CAF633826 /* [CP] Check Pods Manifest.lock */,
				BFE70CDB1E45DF4A00D5096E /* Sources */,
				BFE70CDC1E45DF4A00D5096E /* Frameworks */,
				BFE70CDD1E45DF4A00D5096E /* Resources */,
				8739FBE68A2E250A972A9360 /* [CP] Embed Pods Frameworks */,
				4CCFF1C92C9BE26738610EF6 /* [CP] Copy Pods Resources */,
			);
			buildRules = (
			);
			dependencies = (
				BFE70CE11E45DF4A00D5096E /* PBXTargetDependency */,
			);
			name = ChauffeurPriveUITests;
			productName = ChauffeurPriveUITests;
			productReference = BFE70CDF1E45DF4A00D5096E /* ChauffeurPriveUITests.xctest */;
			productType = "com.apple.product-type.bundle.ui-testing";
		};
/* End PBXNativeTarget section */

/* Begin PBXProject section */
		BFE70CB81E45DF4A00D5096E /* Project object */ = {
			isa = PBXProject;
			attributes = {
				LastSwiftUpdateCheck = 0820;
				LastUpgradeCheck = 0820;
				ORGANIZATIONNAME = "Vincent Bach";
				TargetAttributes = {
					BFE70CBF1E45DF4A00D5096E = {
						CreatedOnToolsVersion = 8.2;
						ProvisioningStyle = Automatic;
					};
					BFE70CD31E45DF4A00D5096E = {
						CreatedOnToolsVersion = 8.2;
						ProvisioningStyle = Automatic;
						TestTargetID = BFE70CBF1E45DF4A00D5096E;
					};
					BFE70CDE1E45DF4A00D5096E = {
						CreatedOnToolsVersion = 8.2;
						ProvisioningStyle = Automatic;
						TestTargetID = BFE70CBF1E45DF4A00D5096E;
					};
				};
			};
			buildConfigurationList = BFE70CBB1E45DF4A00D5096E /* Build configuration list for PBXProject "ChauffeurPrive" */;
			compatibilityVersion = "Xcode 3.2";
			developmentRegion = English;
			hasScannedForEncodings = 0;
			knownRegions = (
				en,
				Base,
			);
			mainGroup = BFE70CB71E45DF4A00D5096E;
			productRefGroup = BFE70CC11E45DF4A00D5096E /* Products */;
			projectDirPath = "";
			projectRoot = "";
			targets = (
				BFE70CBF1E45DF4A00D5096E /* ChauffeurPrive */,
				BFE70CD31E45DF4A00D5096E /* ChauffeurPriveTests */,
				BFE70CDE1E45DF4A00D5096E /* ChauffeurPriveUITests */,
			);
		};
/* End PBXProject section */

/* Begin PBXResourcesBuildPhase section */
		BFE70CBE1E45DF4A00D5096E /* Resources */ = {
			isa = PBXResourcesBuildPhase;
			buildActionMask = 2147483647;
			files = (
				BFE70CF91E45EC2600D5096E /* Assets.xcassets in Resources */,
				BFE70CFA1E45EC2600D5096E /* LaunchScreen.storyboard in Resources */,
			);
			runOnlyForDeploymentPostprocessing = 0;
		};
		BFE70CD21E45DF4A00D5096E /* Resources */ = {
			isa = PBXResourcesBuildPhase;
			buildActionMask = 2147483647;
			files = (
			);
			runOnlyForDeploymentPostprocessing = 0;
		};
		BFE70CDD1E45DF4A00D5096E /* Resources */ = {
			isa = PBXResourcesBuildPhase;
			buildActionMask = 2147483647;
			files = (
			);
			runOnlyForDeploymentPostprocessing = 0;
		};
/* End PBXResourcesBuildPhase section */

/* Begin PBXShellScriptBuildPhase section */
		108340923C2A55EBCF87DB2F /* [CP] Check Pods Manifest.lock */ = {
			isa = PBXShellScriptBuildPhase;
			buildActionMask = 2147483647;
			files = (
			);
			inputPaths = (
			);
			name = "[CP] Check Pods Manifest.lock";
			outputPaths = (
			);
			runOnlyForDeploymentPostprocessing = 0;
			shellPath = /bin/sh;
			shellScript = "diff \"${PODS_ROOT}/../Podfile.lock\" \"${PODS_ROOT}/Manifest.lock\" > /dev/null\nif [ $? != 0 ] ; then\n    # print error to STDERR\n    echo \"error: The sandbox is not in sync with the Podfile.lock. Run 'pod install' or update your CocoaPods installation.\" >&2\n    exit 1\nfi\n";
			showEnvVarsInLog = 0;
		};
		27F81DDA1F9DABBCB175D826 /* [CP] Check Pods Manifest.lock */ = {
			isa = PBXShellScriptBuildPhase;
			buildActionMask = 2147483647;
			files = (
			);
			inputPaths = (
			);
			name = "[CP] Check Pods Manifest.lock";
			outputPaths = (
			);
			runOnlyForDeploymentPostprocessing = 0;
			shellPath = /bin/sh;
			shellScript = "diff \"${PODS_ROOT}/../Podfile.lock\" \"${PODS_ROOT}/Manifest.lock\" > /dev/null\nif [ $? != 0 ] ; then\n    # print error to STDERR\n    echo \"error: The sandbox is not in sync with the Podfile.lock. Run 'pod install' or update your CocoaPods installation.\" >&2\n    exit 1\nfi\n";
			showEnvVarsInLog = 0;
		};
		4CCFF1C92C9BE26738610EF6 /* [CP] Copy Pods Resources */ = {
			isa = PBXShellScriptBuildPhase;
			buildActionMask = 2147483647;
			files = (
			);
			inputPaths = (
			);
			name = "[CP] Copy Pods Resources";
			outputPaths = (
			);
			runOnlyForDeploymentPostprocessing = 0;
			shellPath = /bin/sh;
			shellScript = "\"${SRCROOT}/Pods/Target Support Files/Pods-ChauffeurPriveUITests/Pods-ChauffeurPriveUITests-resources.sh\"\n";
			showEnvVarsInLog = 0;
		};
		650A49665B6124BD5661A0F1 /* [CP] Copy Pods Resources */ = {
			isa = PBXShellScriptBuildPhase;
			buildActionMask = 2147483647;
			files = (
			);
			inputPaths = (
			);
			name = "[CP] Copy Pods Resources";
			outputPaths = (
			);
			runOnlyForDeploymentPostprocessing = 0;
			shellPath = /bin/sh;
			shellScript = "\"${SRCROOT}/Pods/Target Support Files/Pods-ChauffeurPrive/Pods-ChauffeurPrive-resources.sh\"\n";
			showEnvVarsInLog = 0;
		};
		65B3B9EA5E3A652A77083C50 /* [CP] Embed Pods Frameworks */ = {
			isa = PBXShellScriptBuildPhase;
			buildActionMask = 2147483647;
			files = (
			);
			inputPaths = (
			);
			name = "[CP] Embed Pods Frameworks";
			outputPaths = (
			);
			runOnlyForDeploymentPostprocessing = 0;
			shellPath = /bin/sh;
			shellScript = "\"${SRCROOT}/Pods/Target Support Files/Pods-ChauffeurPriveTests/Pods-ChauffeurPriveTests-frameworks.sh\"\n";
			showEnvVarsInLog = 0;
		};
		8555F7C517D962CAE997C33D /* [CP] Copy Pods Resources */ = {
			isa = PBXShellScriptBuildPhase;
			buildActionMask = 2147483647;
			files = (
			);
			inputPaths = (
			);
			name = "[CP] Copy Pods Resources";
			outputPaths = (
			);
			runOnlyForDeploymentPostprocessing = 0;
			shellPath = /bin/sh;
			shellScript = "\"${SRCROOT}/Pods/Target Support Files/Pods-ChauffeurPriveTests/Pods-ChauffeurPriveTests-resources.sh\"\n";
			showEnvVarsInLog = 0;
		};
		8739FBE68A2E250A972A9360 /* [CP] Embed Pods Frameworks */ = {
			isa = PBXShellScriptBuildPhase;
			buildActionMask = 2147483647;
			files = (
			);
			inputPaths = (
			);
			name = "[CP] Embed Pods Frameworks";
			outputPaths = (
			);
			runOnlyForDeploymentPostprocessing = 0;
			shellPath = /bin/sh;
			shellScript = "\"${SRCROOT}/Pods/Target Support Files/Pods-ChauffeurPriveUITests/Pods-ChauffeurPriveUITests-frameworks.sh\"\n";
			showEnvVarsInLog = 0;
		};
		D70CCE97669135258174D0D5 /* [CP] Embed Pods Frameworks */ = {
			isa = PBXShellScriptBuildPhase;
			buildActionMask = 2147483647;
			files = (
			);
			inputPaths = (
			);
			name = "[CP] Embed Pods Frameworks";
			outputPaths = (
			);
			runOnlyForDeploymentPostprocessing = 0;
			shellPath = /bin/sh;
			shellScript = "\"${SRCROOT}/Pods/Target Support Files/Pods-ChauffeurPrive/Pods-ChauffeurPrive-frameworks.sh\"\n";
			showEnvVarsInLog = 0;
		};
		E013BB84A4E2289CAF633826 /* [CP] Check Pods Manifest.lock */ = {
			isa = PBXShellScriptBuildPhase;
			buildActionMask = 2147483647;
			files = (
			);
			inputPaths = (
			);
			name = "[CP] Check Pods Manifest.lock";
			outputPaths = (
			);
			runOnlyForDeploymentPostprocessing = 0;
			shellPath = /bin/sh;
			shellScript = "diff \"${PODS_ROOT}/../Podfile.lock\" \"${PODS_ROOT}/Manifest.lock\" > /dev/null\nif [ $? != 0 ] ; then\n    # print error to STDERR\n    echo \"error: The sandbox is not in sync with the Podfile.lock. Run 'pod install' or update your CocoaPods installation.\" >&2\n    exit 1\nfi\n";
			showEnvVarsInLog = 0;
		};
/* End PBXShellScriptBuildPhase section */

/* Begin PBXSourcesBuildPhase section */
		BFE70CBC1E45DF4A00D5096E /* Sources */ = {
			isa = PBXSourcesBuildPhase;
			buildActionMask = 2147483647;
			files = (
				BFE70D2E1E491AE300D5096E /* MissingPermissionViewController.swift in Sources */,
				BFE70CC41E45DF4A00D5096E /* AppDelegate.swift in Sources */,
				BFE70D071E48CE0200D5096E /* Font.swift in Sources */,
				BFE70D0F1E48E17B00D5096E /* RxCLLocationManagerDelegateProxy.swift in Sources */,
				BF76959A1E49FAB7001E5A4E /* CLGeocoder+Rx.swift in Sources */,
				BF427C841E4B1CB200091E2F /* AddressAutoCompleteCellViewModel.swift in Sources */,
				BFE70D2D1E491AE300D5096E /* MissingPermissionView.swift in Sources */,
				BF427C8C1E4B3D6800091E2F /* CLLocationCoordinate2D+Extensions.swift in Sources */,
				BF7695931E493303001E5A4E /* AddressAutocompleteViewController.swift in Sources */,
				BF7695971E49BEFE001E5A4E /* AddressAutocompleteService.swift in Sources */,
				BFE70D001E45F59F00D5096E /* CLLocationManager+Rx.swift in Sources */,
				BF427C8A1E4B345000091E2F /* PostalAddress.swift in Sources */,
				BFE70D231E491AD800D5096E /* LocationService.swift in Sources */,
				BF7695951E493323001E5A4E /* AddressAutoCompleteViewModel.swift in Sources */,
				BF76959C1E4B1742001E5A4E /* AddressAutoCompleteView.swift in Sources */,
				BFE70D091E48CE0F00D5096E /* Color.swift in Sources */,
				BF427C821E4B1B5A00091E2F /* AddressAutocompleteTableViewCell.swift in Sources */,
				BF427C8E1E4B3D8700091E2F /* MGLMapView+Extensions.swift in Sources */,
				BFE70D2B1E491AE300D5096E /* MapViewController.swift in Sources */,
				BFE70D2F1E491AE300D5096E /* MissingPermissionViewModel.swift in Sources */,
				BFE70D2C1E491AE300D5096E /* MapViewModel.swift in Sources */,
			);
			runOnlyForDeploymentPostprocessing = 0;
		};
		BFE70CD01E45DF4A00D5096E /* Sources */ = {
			isa = PBXSourcesBuildPhase;
			buildActionMask = 2147483647;
			files = (
				BF0114E41E4B4C7F00DCE094 /* MockPlacemark.swift in Sources */,
				BF0114E71E4B4D6B00DCE094 /* MGLMapView+ExtensionsTests.swift in Sources */,
				BF0114E11E4B41D800DCE094 /* PostalAddressTests.swift in Sources */,
			);
			runOnlyForDeploymentPostprocessing = 0;
		};
		BFE70CDB1E45DF4A00D5096E /* Sources */ = {
			isa = PBXSourcesBuildPhase;
			buildActionMask = 2147483647;
			files = (
				BFE70CE41E45DF4A00D5096E /* ChauffeurPriveUITests.swift in Sources */,
			);
			runOnlyForDeploymentPostprocessing = 0;
		};
/* End PBXSourcesBuildPhase section */

/* Begin PBXTargetDependency section */
		BFE70CD61E45DF4A00D5096E /* PBXTargetDependency */ = {
			isa = PBXTargetDependency;
			target = BFE70CBF1E45DF4A00D5096E /* ChauffeurPrive */;
			targetProxy = BFE70CD51E45DF4A00D5096E /* PBXContainerItemProxy */;
		};
		BFE70CE11E45DF4A00D5096E /* PBXTargetDependency */ = {
			isa = PBXTargetDependency;
			target = BFE70CBF1E45DF4A00D5096E /* ChauffeurPrive */;
			targetProxy = BFE70CE01E45DF4A00D5096E /* PBXContainerItemProxy */;
		};
/* End PBXTargetDependency section */

/* Begin PBXVariantGroup section */
		BFE70CF61E45EC2600D5096E /* LaunchScreen.storyboard */ = {
			isa = PBXVariantGroup;
			children = (
				BFE70CF71E45EC2600D5096E /* Base */,
			);
			name = LaunchScreen.storyboard;
			sourceTree = "<group>";
		};
/* End PBXVariantGroup section */

/* Begin XCBuildConfiguration section */
		BFE70CE61E45DF4A00D5096E /* Debug */ = {
			isa = XCBuildConfiguration;
			buildSettings = {
				ALWAYS_SEARCH_USER_PATHS = NO;
				CLANG_ANALYZER_NONNULL = YES;
				CLANG_CXX_LANGUAGE_STANDARD = "gnu++0x";
				CLANG_CXX_LIBRARY = "libc++";
				CLANG_ENABLE_MODULES = YES;
				CLANG_ENABLE_OBJC_ARC = YES;
				CLANG_WARN_BOOL_CONVERSION = YES;
				CLANG_WARN_CONSTANT_CONVERSION = YES;
				CLANG_WARN_DIRECT_OBJC_ISA_USAGE = YES_ERROR;
				CLANG_WARN_DOCUMENTATION_COMMENTS = YES;
				CLANG_WARN_EMPTY_BODY = YES;
				CLANG_WARN_ENUM_CONVERSION = YES;
				CLANG_WARN_INFINITE_RECURSION = YES;
				CLANG_WARN_INT_CONVERSION = YES;
				CLANG_WARN_OBJC_ROOT_CLASS = YES_ERROR;
				CLANG_WARN_SUSPICIOUS_MOVE = YES;
				CLANG_WARN_UNREACHABLE_CODE = YES;
				CLANG_WARN__DUPLICATE_METHOD_MATCH = YES;
				"CODE_SIGN_IDENTITY[sdk=iphoneos*]" = "iPhone Developer";
				COPY_PHASE_STRIP = NO;
				DEBUG_INFORMATION_FORMAT = dwarf;
				ENABLE_STRICT_OBJC_MSGSEND = YES;
				ENABLE_TESTABILITY = YES;
				GCC_C_LANGUAGE_STANDARD = gnu99;
				GCC_DYNAMIC_NO_PIC = NO;
				GCC_NO_COMMON_BLOCKS = YES;
				GCC_OPTIMIZATION_LEVEL = 0;
				GCC_PREPROCESSOR_DEFINITIONS = (
					"DEBUG=1",
					"$(inherited)",
				);
				GCC_WARN_64_TO_32_BIT_CONVERSION = YES;
				GCC_WARN_ABOUT_RETURN_TYPE = YES_ERROR;
				GCC_WARN_UNDECLARED_SELECTOR = YES;
				GCC_WARN_UNINITIALIZED_AUTOS = YES_AGGRESSIVE;
				GCC_WARN_UNUSED_FUNCTION = YES;
				GCC_WARN_UNUSED_VARIABLE = YES;
				IPHONEOS_DEPLOYMENT_TARGET = 10.2;
				MTL_ENABLE_DEBUG_INFO = YES;
				ONLY_ACTIVE_ARCH = YES;
				SDKROOT = iphoneos;
				SWIFT_ACTIVE_COMPILATION_CONDITIONS = DEBUG;
				SWIFT_OPTIMIZATION_LEVEL = "-Onone";
			};
			name = Debug;
		};
		BFE70CE71E45DF4A00D5096E /* Release */ = {
			isa = XCBuildConfiguration;
			buildSettings = {
				ALWAYS_SEARCH_USER_PATHS = NO;
				CLANG_ANALYZER_NONNULL = YES;
				CLANG_CXX_LANGUAGE_STANDARD = "gnu++0x";
				CLANG_CXX_LIBRARY = "libc++";
				CLANG_ENABLE_MODULES = YES;
				CLANG_ENABLE_OBJC_ARC = YES;
				CLANG_WARN_BOOL_CONVERSION = YES;
				CLANG_WARN_CONSTANT_CONVERSION = YES;
				CLANG_WARN_DIRECT_OBJC_ISA_USAGE = YES_ERROR;
				CLANG_WARN_DOCUMENTATION_COMMENTS = YES;
				CLANG_WARN_EMPTY_BODY = YES;
				CLANG_WARN_ENUM_CONVERSION = YES;
				CLANG_WARN_INFINITE_RECURSION = YES;
				CLANG_WARN_INT_CONVERSION = YES;
				CLANG_WARN_OBJC_ROOT_CLASS = YES_ERROR;
				CLANG_WARN_SUSPICIOUS_MOVE = YES;
				CLANG_WARN_UNREACHABLE_CODE = YES;
				CLANG_WARN__DUPLICATE_METHOD_MATCH = YES;
				"CODE_SIGN_IDENTITY[sdk=iphoneos*]" = "iPhone Developer";
				COPY_PHASE_STRIP = NO;
				DEBUG_INFORMATION_FORMAT = "dwarf-with-dsym";
				ENABLE_NS_ASSERTIONS = NO;
				ENABLE_STRICT_OBJC_MSGSEND = YES;
				GCC_C_LANGUAGE_STANDARD = gnu99;
				GCC_NO_COMMON_BLOCKS = YES;
				GCC_WARN_64_TO_32_BIT_CONVERSION = YES;
				GCC_WARN_ABOUT_RETURN_TYPE = YES_ERROR;
				GCC_WARN_UNDECLARED_SELECTOR = YES;
				GCC_WARN_UNINITIALIZED_AUTOS = YES_AGGRESSIVE;
				GCC_WARN_UNUSED_FUNCTION = YES;
				GCC_WARN_UNUSED_VARIABLE = YES;
				IPHONEOS_DEPLOYMENT_TARGET = 10.2;
				MTL_ENABLE_DEBUG_INFO = NO;
				SDKROOT = iphoneos;
				SWIFT_OPTIMIZATION_LEVEL = "-Owholemodule";
				VALIDATE_PRODUCT = YES;
			};
			name = Release;
		};
		BFE70CE91E45DF4A00D5096E /* Debug */ = {
			isa = XCBuildConfiguration;
			baseConfigurationReference = 9ACBDE9DA7CBB13E23B22F42 /* Pods-ChauffeurPrive.debug.xcconfig */;
			buildSettings = {
				ASSETCATALOG_COMPILER_APPICON_NAME = AppIcon;
				INFOPLIST_FILE = "$(SRCROOT)/ChauffeurPrive/Resources/Info.plist";
				IPHONEOS_DEPLOYMENT_TARGET = 9.0;
				LD_RUNPATH_SEARCH_PATHS = "$(inherited) @executable_path/Frameworks";
				PRODUCT_BUNDLE_IDENTIFIER = com.babzich.ChauffeurPrive;
				PRODUCT_NAME = "$(TARGET_NAME)";
				SWIFT_VERSION = 3.0;
			};
			name = Debug;
		};
		BFE70CEA1E45DF4A00D5096E /* Release */ = {
			isa = XCBuildConfiguration;
			baseConfigurationReference = 3BDD2095D001D01C14C81674 /* Pods-ChauffeurPrive.release.xcconfig */;
			buildSettings = {
				ASSETCATALOG_COMPILER_APPICON_NAME = AppIcon;
				INFOPLIST_FILE = "$(SRCROOT)/ChauffeurPrive/Resources/Info.plist";
				IPHONEOS_DEPLOYMENT_TARGET = 9.0;
				LD_RUNPATH_SEARCH_PATHS = "$(inherited) @executable_path/Frameworks";
				PRODUCT_BUNDLE_IDENTIFIER = com.babzich.ChauffeurPrive;
				PRODUCT_NAME = "$(TARGET_NAME)";
				SWIFT_VERSION = 3.0;
			};
			name = Release;
		};
		BFE70CEC1E45DF4A00D5096E /* Debug */ = {
			isa = XCBuildConfiguration;
			baseConfigurationReference = CCE2156B52B37D02AF7B6BDE /* Pods-ChauffeurPriveTests.debug.xcconfig */;
			buildSettings = {
				ALWAYS_EMBED_SWIFT_STANDARD_LIBRARIES = YES;
				BUNDLE_LOADER = "$(TEST_HOST)";
				INFOPLIST_FILE = ChauffeurPriveTests/Info.plist;
				LD_RUNPATH_SEARCH_PATHS = "$(inherited) @executable_path/Frameworks @loader_path/Frameworks";
				PRODUCT_BUNDLE_IDENTIFIER = com.babzich.ChauffeurPriveTests;
				PRODUCT_NAME = "$(TARGET_NAME)";
				SWIFT_VERSION = 3.0;
				TEST_HOST = "$(BUILT_PRODUCTS_DIR)/ChauffeurPrive.app/ChauffeurPrive";
			};
			name = Debug;
		};
		BFE70CED1E45DF4A00D5096E /* Release */ = {
			isa = XCBuildConfiguration;
			baseConfigurationReference = 27CF434DB6503BAE06FB605B /* Pods-ChauffeurPriveTests.release.xcconfig */;
			buildSettings = {
				ALWAYS_EMBED_SWIFT_STANDARD_LIBRARIES = YES;
				BUNDLE_LOADER = "$(TEST_HOST)";
				INFOPLIST_FILE = ChauffeurPriveTests/Info.plist;
				LD_RUNPATH_SEARCH_PATHS = "$(inherited) @executable_path/Frameworks @loader_path/Frameworks";
				PRODUCT_BUNDLE_IDENTIFIER = com.babzich.ChauffeurPriveTests;
				PRODUCT_NAME = "$(TARGET_NAME)";
				SWIFT_VERSION = 3.0;
				TEST_HOST = "$(BUILT_PRODUCTS_DIR)/ChauffeurPrive.app/ChauffeurPrive";
			};
			name = Release;
		};
		BFE70CEF1E45DF4A00D5096E /* Debug */ = {
			isa = XCBuildConfiguration;
			baseConfigurationReference = 45244B8799F3EF9A6EDD9F5D /* Pods-ChauffeurPriveUITests.debug.xcconfig */;
			buildSettings = {
				ALWAYS_EMBED_SWIFT_STANDARD_LIBRARIES = YES;
				INFOPLIST_FILE = ChauffeurPriveUITests/Info.plist;
				LD_RUNPATH_SEARCH_PATHS = "$(inherited) @executable_path/Frameworks @loader_path/Frameworks";
				PRODUCT_BUNDLE_IDENTIFIER = com.babzich.ChauffeurPriveUITests;
				PRODUCT_NAME = "$(TARGET_NAME)";
				SWIFT_VERSION = 3.0;
				TEST_TARGET_NAME = ChauffeurPrive;
			};
			name = Debug;
		};
		BFE70CF01E45DF4A00D5096E /* Release */ = {
			isa = XCBuildConfiguration;
			baseConfigurationReference = C826214BE62379040A7307B9 /* Pods-ChauffeurPriveUITests.release.xcconfig */;
			buildSettings = {
				ALWAYS_EMBED_SWIFT_STANDARD_LIBRARIES = YES;
				INFOPLIST_FILE = ChauffeurPriveUITests/Info.plist;
				LD_RUNPATH_SEARCH_PATHS = "$(inherited) @executable_path/Frameworks @loader_path/Frameworks";
				PRODUCT_BUNDLE_IDENTIFIER = com.babzich.ChauffeurPriveUITests;
				PRODUCT_NAME = "$(TARGET_NAME)";
				SWIFT_VERSION = 3.0;
				TEST_TARGET_NAME = ChauffeurPrive;
			};
			name = Release;
		};
/* End XCBuildConfiguration section */

/* Begin XCConfigurationList section */
		BFE70CBB1E45DF4A00D5096E /* Build configuration list for PBXProject "ChauffeurPrive" */ = {
			isa = XCConfigurationList;
			buildConfigurations = (
				BFE70CE61E45DF4A00D5096E /* Debug */,
				BFE70CE71E45DF4A00D5096E /* Release */,
			);
			defaultConfigurationIsVisible = 0;
			defaultConfigurationName = Release;
		};
		BFE70CE81E45DF4A00D5096E /* Build configuration list for PBXNativeTarget "ChauffeurPrive" */ = {
			isa = XCConfigurationList;
			buildConfigurations = (
				BFE70CE91E45DF4A00D5096E /* Debug */,
				BFE70CEA1E45DF4A00D5096E /* Release */,
			);
			defaultConfigurationIsVisible = 0;
			defaultConfigurationName = Release;
		};
		BFE70CEB1E45DF4A00D5096E /* Build configuration list for PBXNativeTarget "ChauffeurPriveTests" */ = {
			isa = XCConfigurationList;
			buildConfigurations = (
				BFE70CEC1E45DF4A00D5096E /* Debug */,
				BFE70CED1E45DF4A00D5096E /* Release */,
			);
			defaultConfigurationIsVisible = 0;
			defaultConfigurationName = Release;
		};
		BFE70CEE1E45DF4A00D5096E /* Build configuration list for PBXNativeTarget "ChauffeurPriveUITests" */ = {
			isa = XCConfigurationList;
			buildConfigurations = (
				BFE70CEF1E45DF4A00D5096E /* Debug */,
				BFE70CF01E45DF4A00D5096E /* Release */,
			);
			defaultConfigurationIsVisible = 0;
			defaultConfigurationName = Release;
		};
/* End XCConfigurationList section */
	};
	rootObject = BFE70CB81E45DF4A00D5096E /* Project object */;
}
